
Microsoft Visual Studio Solution File, Format Version 12.00
# Visual Studio 2012
Project("{8BC9CEB8-8B4A-11D0-8D11-00A0C91BC942}") = "Bugs", "Bugs\Bugs.vcxproj", "{BA25DE62-784B-4A2C-9FC0-115872D53819}"
	ProjectSection(ProjectDependencies) = postProject
		{AFCBE206-93CD-4F56-9579-C2ED194064F7} = {AFCBE206-93CD-4F56-9579-C2ED194064F7}
		{776F7C61-3F11-4273-8C3D-3A01A71E8173} = {776F7C61-3F11-4273-8C3D-3A01A71E8173}
		{7215E9B2-0F34-4930-B806-1717B7FC78C0} = {7215E9B2-0F34-4930-B806-1717B7FC78C0}
		{2AEC47B4-9FE4-41EE-B16D-5837AD405AF8} = {2AEC47B4-9FE4-41EE-B16D-5837AD405AF8}
		{63AEE7BB-3881-480C-AC34-DA38C98F0F1E} = {63AEE7BB-3881-480C-AC34-DA38C98F0F1E}
		{6A8E84CB-7249-4DD5-AD55-E152664974FD} = {6A8E84CB-7249-4DD5-AD55-E152664974FD}
	EndProjectSection
EndProject
Project("{8BC9CEB8-8B4A-11D0-8D11-00A0C91BC942}") = "PoseurSpriteTypesImporter", "PoseurSpriteTypesImporter\PoseurSpriteTypesImporter.vcxproj", "{776F7C61-3F11-4273-8C3D-3A01A71E8173}"
	ProjectSection(ProjectDependencies) = postProject
		{AFCBE206-93CD-4F56-9579-C2ED194064F7} = {AFCBE206-93CD-4F56-9579-C2ED194064F7}
	EndProjectSection
EndProject
Project("{8BC9CEB8-8B4A-11D0-8D11-00A0C91BC942}") = "SimpleSideScrollerFramework", "SimpleSideScrollerFramework\SimpleSideScrollerFramework.vcxproj", "{6A8E84CB-7249-4DD5-AD55-E152664974FD}"
	ProjectSection(ProjectDependencies) = postProject
		{776F7C61-3F11-4273-8C3D-3A01A71E8173} = {776F7C61-3F11-4273-8C3D-3A01A71E8173}
	EndProjectSection
EndProject
Project("{8BC9CEB8-8B4A-11D0-8D11-00A0C91BC942}") = "tinyxml", "tinyxml\tinyxml.vcxproj", "{2AEC47B4-9FE4-41EE-B16D-5837AD405AF8}"
	ProjectSection(ProjectDependencies) = postProject
		{6A8E84CB-7249-4DD5-AD55-E152664974FD} = {6A8E84CB-7249-4DD5-AD55-E152664974FD}
	EndProjectSection
EndProject
Project("{8BC9CEB8-8B4A-11D0-8D11-00A0C91BC942}") = "TMXMapImporter", "TMXMapImporter\TMXMapImporter.vcxproj", "{7215E9B2-0F34-4930-B806-1717B7FC78C0}"
	ProjectSection(ProjectDependencies) = postProject
		{2AEC47B4-9FE4-41EE-B16D-5837AD405AF8} = {2AEC47B4-9FE4-41EE-B16D-5837AD405AF8}
	EndProjectSection
EndProject
Project("{8BC9CEB8-8B4A-11D0-8D11-00A0C91BC942}") = "XMLFileImporter", "XMLFileImporter\XMLFileImporter.vcxproj", "{63AEE7BB-3881-480C-AC34-DA38C98F0F1E}"
	ProjectSection(ProjectDependencies) = postProject
		{2AEC47B4-9FE4-41EE-B16D-5837AD405AF8} = {2AEC47B4-9FE4-41EE-B16D-5837AD405AF8}
	EndProjectSection
EndProject
Project("{8BC9CEB8-8B4A-11D0-8D11-00A0C91BC942}") = "LuaPlusFramework", "LuaPlusFramework\LuaPlusFramework.vcxproj", "{AFCBE206-93CD-4F56-9579-C2ED194064F7}"
EndProject
Project("{8BC9CEB8-8B4A-11D0-8D11-00A0C91BC942}") = "Box2D", "Box2D\Build\vs2013\Box2D.vcxproj", "{98400D17-43A5-1A40-95BE-C53AC78E7694}"
EndProject
Project("{8BC9CEB8-8B4A-11D0-8D11-00A0C91BC942}") = "FreeGLUT", "FreeGLUT.vcxproj", "{BCA4569B-A486-E443-9EE2-07D4CB3CFBA8}"
EndProject
Global
	GlobalSection(SolutionConfigurationPlatforms) = preSolution
		Debug|Mixed Platforms = Debug|Mixed Platforms
		Debug|Win32 = Debug|Win32
		Debug|x64 = Debug|x64
		MinSizeRel|Mixed Platforms = MinSizeRel|Mixed Platforms
		MinSizeRel|Win32 = MinSizeRel|Win32
		MinSizeRel|x64 = MinSizeRel|x64
		Release|Mixed Platforms = Release|Mixed Platforms
		Release|Win32 = Release|Win32
		Release|x64 = Release|x64
		RelWithDebInfo|Mixed Platforms = RelWithDebInfo|Mixed Platforms
		RelWithDebInfo|Win32 = RelWithDebInfo|Win32
		RelWithDebInfo|x64 = RelWithDebInfo|x64
	EndGlobalSection
	GlobalSection(ProjectConfigurationPlatforms) = postSolution
		{BA25DE62-784B-4A2C-9FC0-115872D53819}.Debug|Mixed Platforms.ActiveCfg = Debug|Win32
		{BA25DE62-784B-4A2C-9FC0-115872D53819}.Debug|Mixed Platforms.Build.0 = Debug|Win32
		{BA25DE62-784B-4A2C-9FC0-115872D53819}.Debug|Win32.ActiveCfg = Debug|Win32
		{BA25DE62-784B-4A2C-9FC0-115872D53819}.Debug|Win32.Build.0 = Debug|Win32
		{BA25DE62-784B-4A2C-9FC0-115872D53819}.Debug|x64.ActiveCfg = Debug|Win32
		{BA25DE62-784B-4A2C-9FC0-115872D53819}.MinSizeRel|Mixed Platforms.ActiveCfg = Release|Win32
		{BA25DE62-784B-4A2C-9FC0-115872D53819}.MinSizeRel|Mixed Platforms.Build.0 = Release|Win32
		{BA25DE62-784B-4A2C-9FC0-115872D53819}.MinSizeRel|Win32.ActiveCfg = Release|Win32
		{BA25DE62-784B-4A2C-9FC0-115872D53819}.MinSizeRel|Win32.Build.0 = Release|Win32
		{BA25DE62-784B-4A2C-9FC0-115872D53819}.MinSizeRel|x64.ActiveCfg = Release|Win32
		{BA25DE62-784B-4A2C-9FC0-115872D53819}.Release|Mixed Platforms.ActiveCfg = Release|Win32
		{BA25DE62-784B-4A2C-9FC0-115872D53819}.Release|Mixed Platforms.Build.0 = Release|Win32
		{BA25DE62-784B-4A2C-9FC0-115872D53819}.Release|Win32.ActiveCfg = Release|Win32
		{BA25DE62-784B-4A2C-9FC0-115872D53819}.Release|Win32.Build.0 = Release|Win32
		{BA25DE62-784B-4A2C-9FC0-115872D53819}.Release|x64.ActiveCfg = Release|Win32
		{BA25DE62-784B-4A2C-9FC0-115872D53819}.RelWithDebInfo|Mixed Platforms.ActiveCfg = Release|Win32
		{BA25DE62-784B-4A2C-9FC0-115872D53819}.RelWithDebInfo|Mixed Platforms.Build.0 = Release|Win32
		{BA25DE62-784B-4A2C-9FC0-115872D53819}.RelWithDebInfo|Win32.ActiveCfg = Release|Win32
		{BA25DE62-784B-4A2C-9FC0-115872D53819}.RelWithDebInfo|Win32.Build.0 = Release|Win32
		{BA25DE62-784B-4A2C-9FC0-115872D53819}.RelWithDebInfo|x64.ActiveCfg = Release|Win32
		{776F7C61-3F11-4273-8C3D-3A01A71E8173}.Debug|Mixed Platforms.ActiveCfg = Debug|Win32
		{776F7C61-3F11-4273-8C3D-3A01A71E8173}.Debug|Mixed Platforms.Build.0 = Debug|Win32
		{776F7C61-3F11-4273-8C3D-3A01A71E8173}.Debug|Win32.ActiveCfg = Debug|Win32
		{776F7C61-3F11-4273-8C3D-3A01A71E8173}.Debug|Win32.Build.0 = Debug|Win32
		{776F7C61-3F11-4273-8C3D-3A01A71E8173}.Debug|x64.ActiveCfg = Debug|Win32
		{776F7C61-3F11-4273-8C3D-3A01A71E8173}.MinSizeRel|Mixed Platforms.ActiveCfg = Release|Win32
		{776F7C61-3F11-4273-8C3D-3A01A71E8173}.MinSizeRel|Mixed Platforms.Build.0 = Release|Win32
		{776F7C61-3F11-4273-8C3D-3A01A71E8173}.MinSizeRel|Win32.ActiveCfg = Release|Win32
		{776F7C61-3F11-4273-8C3D-3A01A71E8173}.MinSizeRel|Win32.Build.0 = Release|Win32
		{776F7C61-3F11-4273-8C3D-3A01A71E8173}.MinSizeRel|x64.ActiveCfg = Release|Win32
		{776F7C61-3F11-4273-8C3D-3A01A71E8173}.Release|Mixed Platforms.ActiveCfg = Release|Win32
		{776F7C61-3F11-4273-8C3D-3A01A71E8173}.Release|Mixed Platforms.Build.0 = Release|Win32
		{776F7C61-3F11-4273-8C3D-3A01A71E8173}.Release|Win32.ActiveCfg = Release|Win32
		{776F7C61-3F11-4273-8C3D-3A01A71E8173}.Release|Win32.Build.0 = Release|Win32
		{776F7C61-3F11-4273-8C3D-3A01A71E8173}.Release|x64.ActiveCfg = Release|Win32
		{776F7C61-3F11-4273-8C3D-3A01A71E8173}.RelWithDebInfo|Mixed Platforms.ActiveCfg = Release|Win32
		{776F7C61-3F11-4273-8C3D-3A01A71E8173}.RelWithDebInfo|Mixed Platforms.Build.0 = Release|Win32
		{776F7C61-3F11-4273-8C3D-3A01A71E8173}.RelWithDebInfo|Win32.ActiveCfg = Release|Win32
		{776F7C61-3F11-4273-8C3D-3A01A71E8173}.RelWithDebInfo|Win32.Build.0 = Release|Win32
		{776F7C61-3F11-4273-8C3D-3A01A71E8173}.RelWithDebInfo|x64.ActiveCfg = Release|Win32
		{6A8E84CB-7249-4DD5-AD55-E152664974FD}.Debug|Mixed Platforms.ActiveCfg = Debug|Win32
		{6A8E84CB-7249-4DD5-AD55-E152664974FD}.Debug|Mixed Platforms.Build.0 = Debug|Win32
		{6A8E84CB-7249-4DD5-AD55-E152664974FD}.Debug|Win32.ActiveCfg = Debug|Win32
		{6A8E84CB-7249-4DD5-AD55-E152664974FD}.Debug|Win32.Build.0 = Debug|Win32
		{6A8E84CB-7249-4DD5-AD55-E152664974FD}.Debug|x64.ActiveCfg = Debug|Win32
		{6A8E84CB-7249-4DD5-AD55-E152664974FD}.MinSizeRel|Mixed Platforms.ActiveCfg = Release|Win32
		{6A8E84CB-7249-4DD5-AD55-E152664974FD}.MinSizeRel|Mixed Platforms.Build.0 = Release|Win32
		{6A8E84CB-7249-4DD5-AD55-E152664974FD}.MinSizeRel|Win32.ActiveCfg = Release|Win32
		{6A8E84CB-7249-4DD5-AD55-E152664974FD}.MinSizeRel|Win32.Build.0 = Release|Win32
		{6A8E84CB-7249-4DD5-AD55-E152664974FD}.MinSizeRel|x64.ActiveCfg = Release|Win32
		{6A8E84CB-7249-4DD5-AD55-E152664974FD}.Release|Mixed Platforms.ActiveCfg = Release|Win32
		{6A8E84CB-7249-4DD5-AD55-E152664974FD}.Release|Mixed Platforms.Build.0 = Release|Win32
		{6A8E84CB-7249-4DD5-AD55-E152664974FD}.Release|Win32.ActiveCfg = Release|Win32
		{6A8E84CB-7249-4DD5-AD55-E152664974FD}.Release|Win32.Build.0 = Release|Win32
		{6A8E84CB-7249-4DD5-AD55-E152664974FD}.Release|x64.ActiveCfg = Release|Win32
		{6A8E84CB-7249-4DD5-AD55-E152664974FD}.RelWithDebInfo|Mixed Platforms.ActiveCfg = Release|Win32
		{6A8E84CB-7249-4DD5-AD55-E152664974FD}.RelWithDebInfo|Mixed Platforms.Build.0 = Release|Win32
		{6A8E84CB-7249-4DD5-AD55-E152664974FD}.RelWithDebInfo|Win32.ActiveCfg = Release|Win32
		{6A8E84CB-7249-4DD5-AD55-E152664974FD}.RelWithDebInfo|Win32.Build.0 = Release|Win32
		{6A8E84CB-7249-4DD5-AD55-E152664974FD}.RelWithDebInfo|x64.ActiveCfg = Release|Win32
		{2AEC47B4-9FE4-41EE-B16D-5837AD405AF8}.Debug|Mixed Platforms.ActiveCfg = Debug|Win32
		{2AEC47B4-9FE4-41EE-B16D-5837AD405AF8}.Debug|Mixed Platforms.Build.0 = Debug|Win32
		{2AEC47B4-9FE4-41EE-B16D-5837AD405AF8}.Debug|Win32.ActiveCfg = Debug|Win32
		{2AEC47B4-9FE4-41EE-B16D-5837AD405AF8}.Debug|Win32.Build.0 = Debug|Win32
		{2AEC47B4-9FE4-41EE-B16D-5837AD405AF8}.Debug|x64.ActiveCfg = Debug|Win32
		{2AEC47B4-9FE4-41EE-B16D-5837AD405AF8}.MinSizeRel|Mixed Platforms.ActiveCfg = Release|Win32
		{2AEC47B4-9FE4-41EE-B16D-5837AD405AF8}.MinSizeRel|Mixed Platforms.Build.0 = Release|Win32
		{2AEC47B4-9FE4-41EE-B16D-5837AD405AF8}.MinSizeRel|Win32.ActiveCfg = Release|Win32
		{2AEC47B4-9FE4-41EE-B16D-5837AD405AF8}.MinSizeRel|Win32.Build.0 = Release|Win32
		{2AEC47B4-9FE4-41EE-B16D-5837AD405AF8}.MinSizeRel|x64.ActiveCfg = Release|Win32
		{2AEC47B4-9FE4-41EE-B16D-5837AD405AF8}.Release|Mixed Platforms.ActiveCfg = Release|Win32
		{2AEC47B4-9FE4-41EE-B16D-5837AD405AF8}.Release|Mixed Platforms.Build.0 = Release|Win32
		{2AEC47B4-9FE4-41EE-B16D-5837AD405AF8}.Release|Win32.ActiveCfg = Release|Win32
		{2AEC47B4-9FE4-41EE-B16D-5837AD405AF8}.Release|Win32.Build.0 = Release|Win32
		{2AEC47B4-9FE4-41EE-B16D-5837AD405AF8}.Release|x64.ActiveCfg = Release|Win32
		{2AEC47B4-9FE4-41EE-B16D-5837AD405AF8}.RelWithDebInfo|Mixed Platforms.ActiveCfg = Release|Win32
		{2AEC47B4-9FE4-41EE-B16D-5837AD405AF8}.RelWithDebInfo|Mixed Platforms.Build.0 = Release|Win32
		{2AEC47B4-9FE4-41EE-B16D-5837AD405AF8}.RelWithDebInfo|Win32.ActiveCfg = Release|Win32
		{2AEC47B4-9FE4-41EE-B16D-5837AD405AF8}.RelWithDebInfo|Win32.Build.0 = Release|Win32
		{2AEC47B4-9FE4-41EE-B16D-5837AD405AF8}.RelWithDebInfo|x64.ActiveCfg = Release|Win32
		{7215E9B2-0F34-4930-B806-1717B7FC78C0}.Debug|Mixed Platforms.ActiveCfg = Debug|Win32
		{7215E9B2-0F34-4930-B806-1717B7FC78C0}.Debug|Mixed Platforms.Build.0 = Debug|Win32
		{7215E9B2-0F34-4930-B806-1717B7FC78C0}.Debug|Win32.ActiveCfg = Debug|Win32
		{7215E9B2-0F34-4930-B806-1717B7FC78C0}.Debug|Win32.Build.0 = Debug|Win32
		{7215E9B2-0F34-4930-B806-1717B7FC78C0}.Debug|x64.ActiveCfg = Debug|Win32
		{7215E9B2-0F34-4930-B806-1717B7FC78C0}.MinSizeRel|Mixed Platforms.ActiveCfg = Release|Win32
		{7215E9B2-0F34-4930-B806-1717B7FC78C0}.MinSizeRel|Mixed Platforms.Build.0 = Release|Win32
		{7215E9B2-0F34-4930-B806-1717B7FC78C0}.MinSizeRel|Win32.ActiveCfg = Release|Win32
		{7215E9B2-0F34-4930-B806-1717B7FC78C0}.MinSizeRel|Win32.Build.0 = Release|Win32
		{7215E9B2-0F34-4930-B806-1717B7FC78C0}.MinSizeRel|x64.ActiveCfg = Release|Win32
		{7215E9B2-0F34-4930-B806-1717B7FC78C0}.Release|Mixed Platforms.ActiveCfg = Release|Win32
		{7215E9B2-0F34-4930-B806-1717B7FC78C0}.Release|Mixed Platforms.Build.0 = Release|Win32
		{7215E9B2-0F34-4930-B806-1717B7FC78C0}.Release|Win32.ActiveCfg = Release|Win32
		{7215E9B2-0F34-4930-B806-1717B7FC78C0}.Release|Win32.Build.0 = Release|Win32
		{7215E9B2-0F34-4930-B806-1717B7FC78C0}.Release|x64.ActiveCfg = Release|Win32
		{7215E9B2-0F34-4930-B806-1717B7FC78C0}.RelWithDebInfo|Mixed Platforms.ActiveCfg = Release|Win32
		{7215E9B2-0F34-4930-B806-1717B7FC78C0}.RelWithDebInfo|Mixed Platforms.Build.0 = Release|Win32
		{7215E9B2-0F34-4930-B806-1717B7FC78C0}.RelWithDebInfo|Win32.ActiveCfg = Release|Win32
		{7215E9B2-0F34-4930-B806-1717B7FC78C0}.RelWithDebInfo|Win32.Build.0 = Release|Win32
		{7215E9B2-0F34-4930-B806-1717B7FC78C0}.RelWithDebInfo|x64.ActiveCfg = Release|Win32
		{63AEE7BB-3881-480C-AC34-DA38C98F0F1E}.Debug|Mixed Platforms.ActiveCfg = Debug|Win32
		{63AEE7BB-3881-480C-AC34-DA38C98F0F1E}.Debug|Mixed Platforms.Build.0 = Debug|Win32
		{63AEE7BB-3881-480C-AC34-DA38C98F0F1E}.Debug|Win32.ActiveCfg = Debug|Win32
		{63AEE7BB-3881-480C-AC34-DA38C98F0F1E}.Debug|Win32.Build.0 = Debug|Win32
		{63AEE7BB-3881-480C-AC34-DA38C98F0F1E}.Debug|x64.ActiveCfg = Debug|Win32
		{63AEE7BB-3881-480C-AC34-DA38C98F0F1E}.MinSizeRel|Mixed Platforms.ActiveCfg = Release|Win32
		{63AEE7BB-3881-480C-AC34-DA38C98F0F1E}.MinSizeRel|Mixed Platforms.Build.0 = Release|Win32
		{63AEE7BB-3881-480C-AC34-DA38C98F0F1E}.MinSizeRel|Win32.ActiveCfg = Release|Win32
		{63AEE7BB-3881-480C-AC34-DA38C98F0F1E}.MinSizeRel|Win32.Build.0 = Release|Win32
		{63AEE7BB-3881-480C-AC34-DA38C98F0F1E}.MinSizeRel|x64.ActiveCfg = Release|Win32
		{63AEE7BB-3881-480C-AC34-DA38C98F0F1E}.Release|Mixed Platforms.ActiveCfg = Release|Win32
		{63AEE7BB-3881-480C-AC34-DA38C98F0F1E}.Release|Mixed Platforms.Build.0 = Release|Win32
		{63AEE7BB-3881-480C-AC34-DA38C98F0F1E}.Release|Win32.ActiveCfg = Release|Win32
		{63AEE7BB-3881-480C-AC34-DA38C98F0F1E}.Release|Win32.Build.0 = Release|Win32
		{63AEE7BB-3881-480C-AC34-DA38C98F0F1E}.Release|x64.ActiveCfg = Release|Win32
		{63AEE7BB-3881-480C-AC34-DA38C98F0F1E}.RelWithDebInfo|Mixed Platforms.ActiveCfg = Release|Win32
		{63AEE7BB-3881-480C-AC34-DA38C98F0F1E}.RelWithDebInfo|Mixed Platforms.Build.0 = Release|Win32
		{63AEE7BB-3881-480C-AC34-DA38C98F0F1E}.RelWithDebInfo|Win32.ActiveCfg = Release|Win32
		{63AEE7BB-3881-480C-AC34-DA38C98F0F1E}.RelWithDebInfo|Win32.Build.0 = Release|Win32
		{63AEE7BB-3881-480C-AC34-DA38C98F0F1E}.RelWithDebInfo|x64.ActiveCfg = Release|Win32
		{AFCBE206-93CD-4F56-9579-C2ED194064F7}.Debug|Mixed Platforms.ActiveCfg = Debug|Win32
		{AFCBE206-93CD-4F56-9579-C2ED194064F7}.Debug|Mixed Platforms.Build.0 = Debug|Win32
		{AFCBE206-93CD-4F56-9579-C2ED194064F7}.Debug|Win32.ActiveCfg = Debug|Win32
		{AFCBE206-93CD-4F56-9579-C2ED194064F7}.Debug|Win32.Build.0 = Debug|Win32
		{AFCBE206-93CD-4F56-9579-C2ED194064F7}.Debug|x64.ActiveCfg = Debug|Win32
		{AFCBE206-93CD-4F56-9579-C2ED194064F7}.MinSizeRel|Mixed Platforms.ActiveCfg = Release|Win32
		{AFCBE206-93CD-4F56-9579-C2ED194064F7}.MinSizeRel|Mixed Platforms.Build.0 = Release|Win32
		{AFCBE206-93CD-4F56-9579-C2ED194064F7}.MinSizeRel|Win32.ActiveCfg = Release|Win32
		{AFCBE206-93CD-4F56-9579-C2ED194064F7}.MinSizeRel|Win32.Build.0 = Release|Win32
		{AFCBE206-93CD-4F56-9579-C2ED194064F7}.MinSizeRel|x64.ActiveCfg = Release|Win32
		{AFCBE206-93CD-4F56-9579-C2ED194064F7}.Release|Mixed Platforms.ActiveCfg = Release|Win32
		{AFCBE206-93CD-4F56-9579-C2ED194064F7}.Release|Mixed Platforms.Build.0 = Release|Win32
		{AFCBE206-93CD-4F56-9579-C2ED194064F7}.Release|Win32.ActiveCfg = Release|Win32
		{AFCBE206-93CD-4F56-9579-C2ED194064F7}.Release|Win32.Build.0 = Release|Win32
		{AFCBE206-93CD-4F56-9579-C2ED194064F7}.Release|x64.ActiveCfg = Release|Win32
		{AFCBE206-93CD-4F56-9579-C2ED194064F7}.RelWithDebInfo|Mixed Platforms.ActiveCfg = Release|Win32
		{AFCBE206-93CD-4F56-9579-C2ED194064F7}.RelWithDebInfo|Mixed Platforms.Build.0 = Release|Win32
		{AFCBE206-93CD-4F56-9579-C2ED194064F7}.RelWithDebInfo|Win32.ActiveCfg = Release|Win32
		{AFCBE206-93CD-4F56-9579-C2ED194064F7}.RelWithDebInfo|Win32.Build.0 = Release|Win32
		{AFCBE206-93CD-4F56-9579-C2ED194064F7}.RelWithDebInfo|x64.ActiveCfg = Release|Win32
		{98400D17-43A5-1A40-95BE-C53AC78E7694}.Debug|Mixed Platforms.ActiveCfg = Debug|Win32
		{98400D17-43A5-1A40-95BE-C53AC78E7694}.Debug|Mixed Platforms.Build.0 = Debug|Win32
		{98400D17-43A5-1A40-95BE-C53AC78E7694}.Debug|Win32.ActiveCfg = Debug|Win32
		{98400D17-43A5-1A40-95BE-C53AC78E7694}.Debug|Win32.Build.0 = Debug|Win32
		{98400D17-43A5-1A40-95BE-C53AC78E7694}.Debug|x64.ActiveCfg = Debug|x64
		{98400D17-43A5-1A40-95BE-C53AC78E7694}.Debug|x64.Build.0 = Debug|x64
		{98400D17-43A5-1A40-95BE-C53AC78E7694}.MinSizeRel|Mixed Platforms.ActiveCfg = Release|Win32
		{98400D17-43A5-1A40-95BE-C53AC78E7694}.MinSizeRel|Mixed Platforms.Build.0 = Release|Win32
		{98400D17-43A5-1A40-95BE-C53AC78E7694}.MinSizeRel|Win32.ActiveCfg = Release|Win32
		{98400D17-43A5-1A40-95BE-C53AC78E7694}.MinSizeRel|Win32.Build.0 = Release|Win32
		{98400D17-43A5-1A40-95BE-C53AC78E7694}.MinSizeRel|x64.ActiveCfg = Release|x64
		{98400D17-43A5-1A40-95BE-C53AC78E7694}.MinSizeRel|x64.Build.0 = Release|x64
		{98400D17-43A5-1A40-95BE-C53AC78E7694}.Release|Mixed Platforms.ActiveCfg = Release|Win32
		{98400D17-43A5-1A40-95BE-C53AC78E7694}.Release|Mixed Platforms.Build.0 = Release|Win32
		{98400D17-43A5-1A40-95BE-C53AC78E7694}.Release|Win32.ActiveCfg = Release|Win32
		{98400D17-43A5-1A40-95BE-C53AC78E7694}.Release|Win32.Build.0 = Release|Win32
		{98400D17-43A5-1A40-95BE-C53AC78E7694}.Release|x64.ActiveCfg = Release|x64
		{98400D17-43A5-1A40-95BE-C53AC78E7694}.Release|x64.Build.0 = Release|x64
		{98400D17-43A5-1A40-95BE-C53AC78E7694}.RelWithDebInfo|Mixed Platforms.ActiveCfg = Release|Win32
		{98400D17-43A5-1A40-95BE-C53AC78E7694}.RelWithDebInfo|Mixed Platforms.Build.0 = Release|Win32
		{98400D17-43A5-1A40-95BE-C53AC78E7694}.RelWithDebInfo|Win32.ActiveCfg = Release|Win32
		{98400D17-43A5-1A40-95BE-C53AC78E7694}.RelWithDebInfo|Win32.Build.0 = Release|Win32
		{98400D17-43A5-1A40-95BE-C53AC78E7694}.RelWithDebInfo|x64.ActiveCfg = Release|x64
		{98400D17-43A5-1A40-95BE-C53AC78E7694}.RelWithDebInfo|x64.Build.0 = Release|x64
		{BCA4569B-A486-E443-9EE2-07D4CB3CFBA8}.Debug|Mixed Platforms.ActiveCfg = Debug|Win32
		{BCA4569B-A486-E443-9EE2-07D4CB3CFBA8}.Debug|Mixed Platforms.Build.0 = Debug|Win32
		{BCA4569B-A486-E443-9EE2-07D4CB3CFBA8}.Debug|Win32.ActiveCfg = Debug|Win32
		{BCA4569B-A486-E443-9EE2-07D4CB3CFBA8}.Debug|Win32.Build.0 = Debug|Win32
		{BCA4569B-A486-E443-9EE2-07D4CB3CFBA8}.Debug|x64.ActiveCfg = Debug|x64
		{BCA4569B-A486-E443-9EE2-07D4CB3CFBA8}.Debug|x64.Build.0 = Debug|x64
		{BCA4569B-A486-E443-9EE2-07D4CB3CFBA8}.MinSizeRel|Mixed Platforms.ActiveCfg = Release|Win32
		{BCA4569B-A486-E443-9EE2-07D4CB3CFBA8}.MinSizeRel|Mixed Platforms.Build.0 = Release|Win32
		{BCA4569B-A486-E443-9EE2-07D4CB3CFBA8}.MinSizeRel|Win32.ActiveCfg = Release|Win32
		{BCA4569B-A486-E443-9EE2-07D4CB3CFBA8}.MinSizeRel|Win32.Build.0 = Release|Win32
		{BCA4569B-A486-E443-9EE2-07D4CB3CFBA8}.MinSizeRel|x64.ActiveCfg = Release|x64
		{BCA4569B-A486-E443-9EE2-07D4CB3CFBA8}.MinSizeRel|x64.Build.0 = Release|x64
		{BCA4569B-A486-E443-9EE2-07D4CB3CFBA8}.Release|Mixed Platforms.ActiveCfg = Release|Win32
		{BCA4569B-A486-E443-9EE2-07D4CB3CFBA8}.Release|Mixed Platforms.Build.0 = Release|Win32
		{BCA4569B-A486-E443-9EE2-07D4CB3CFBA8}.Release|Win32.ActiveCfg = Release|Win32
		{BCA4569B-A486-E443-9EE2-07D4CB3CFBA8}.Release|Win32.Build.0 = Release|Win32
		{BCA4569B-A486-E443-9EE2-07D4CB3CFBA8}.Release|x64.ActiveCfg = Release|x64
		{BCA4569B-A486-E443-9EE2-07D4CB3CFBA8}.Release|x64.Build.0 = Release|x64
		{BCA4569B-A486-E443-9EE2-07D4CB3CFBA8}.RelWithDebInfo|Mixed Platforms.ActiveCfg = Release|Win32
		{BCA4569B-A486-E443-9EE2-07D4CB3CFBA8}.RelWithDebInfo|Mixed Platforms.Build.0 = Release|Win32
		{BCA4569B-A486-E443-9EE2-07D4CB3CFBA8}.RelWithDebInfo|Win32.ActiveCfg = Release|Win32
		{BCA4569B-A486-E443-9EE2-07D4CB3CFBA8}.RelWithDebInfo|Win32.Build.0 = Release|Win32
		{BCA4569B-A486-E443-9EE2-07D4CB3CFBA8}.RelWithDebInfo|x64.ActiveCfg = Release|x64
		{BCA4569B-A486-E443-9EE2-07D4CB3CFBA8}.RelWithDebInfo|x64.Build.0 = Release|x64
	EndGlobalSection
	GlobalSection(SolutionProperties) = preSolution
		HideSolutionNode = FALSE
	EndGlobalSection
EndGlobal
