<?xml version="1.0" encoding="utf-8"?>
<Project ToolsVersion="4.0" xmlns="http://schemas.microsoft.com/developer/msbuild/2003">
  <ItemGroup>
    <ClCompile Include="src\bugs\BugsButtonEventHandler.cpp" />
    <ClCompile Include="src\bugs\BugsCollisionListener.cpp" />
    <ClCompile Include="src\bugs\BugsDataLoader.cpp" />
    <ClCompile Include="src\bugs\BugsGame.cpp" />
    <ClCompile Include="src\bugs\BugsKeyEventHandler.cpp" />
    <ClCompile Include="src\bugs\BugsMouseEventHandler.cpp" />
    <ClCompile Include="src\bugs\BugsTextGenerator.cpp" />
    <ClCompile Include="src\bugs_VS\stdafx.cpp" />
  </ItemGroup>
  <ItemGroup>
    <ClInclude Include="src\bugs\BugsButtonEventHandler.h" />
    <ClInclude Include="src\bugs\BugsCollisionListener.h" />
    <ClInclude Include="src\bugs\BugsDataLoader.h" />
    <ClInclude Include="src\bugs\BugsGame.h" />
    <ClInclude Include="src\bugs\BugsKeyEventHandler.h" />
    <ClInclude Include="src\bugs\BugsMouseEventHandler.h" />
    <ClInclude Include="src\bugs\BugsTextGenerator.h" />
    <ClInclude Include="src\bugs\Music.h" />
    <ClInclude Include="src\bugs_VS\Resource.h" />
    <ClInclude Include="src\bugs_VS\stdafx.h" />
    <ClInclude Include="src\bugs_VS\targetver.h" />
    <ClInclude Include="FooDraw.h" />
  </ItemGroup>
  <ItemGroup>
    <None Include="ClassDiagram.cd" />
    <None Include="ClassDiagram1.cd" />
  </ItemGroup>
  <ItemGroup>
    <Text Include="src\bugs_VS\ReadMe.txt" />
  </ItemGroup>
</Project>