
Microsoft Visual Studio Solution File, Format Version 11.00
# Visual Studio 2010
Project("{8BC9CEB8-8B4A-11D0-8D11-00A0C91BC942}") = "3d", "3d.vcxproj", "{9F5AC99A-6FB5-4B72-A845-F87745A5F1E5}"
EndProject
Project("{8BC9CEB8-8B4A-11D0-8D11-00A0C91BC942}") = "channel_groups", "channel_groups.vcxproj", "{07F50579-DB00-47D2-97BA-CFB11A5F2DCF}"
EndProject
Project("{8BC9CEB8-8B4A-11D0-8D11-00A0C91BC942}") = "dsp_custom", "dsp_custom.vcxproj", "{F54F9336-0075-4BBE-A79F-127E636D0112}"
EndProject
Project("{8BC9CEB8-8B4A-11D0-8D11-00A0C91BC942}") = "dsp_effect_per_speaker", "dsp_effect_per_speaker.vcxproj", "{4534951E-7BE3-48D4-BA8D-CC14DB22A07E}"
EndProject
Project("{8BC9CEB8-8B4A-11D0-8D11-00A0C91BC942}") = "effects", "effects.vcxproj", "{2E5A90EB-E205-4646-B4A8-E921FCD43A69}"
EndProject
Project("{8BC9CEB8-8B4A-11D0-8D11-00A0C91BC942}") = "generate_tone", "generate_tone.vcxproj", "{0244DEA9-7825-4E33-AE2F-5F120E3701CC}"
EndProject
Project("{8BC9CEB8-8B4A-11D0-8D11-00A0C91BC942}") = "granular_synth", "granular_synth.vcxproj", "{21DBF2A6-F291-4DDC-829C-93D6E008AFE7}"
EndProject
Project("{8BC9CEB8-8B4A-11D0-8D11-00A0C91BC942}") = "load_from_memory", "load_from_memory.vcxproj", "{74725E23-00E2-47EE-BB84-16096707C7DA}"
EndProject
Project("{8BC9CEB8-8B4A-11D0-8D11-00A0C91BC942}") = "multiple_speaker", "multiple_speaker.vcxproj", "{B48430E2-8855-4D45-8BA9-D48E6A4130EF}"
EndProject
Project("{8BC9CEB8-8B4A-11D0-8D11-00A0C91BC942}") = "multiple_system", "multiple_system.vcxproj", "{4692A1FC-EAD1-493E-8C72-780D673D1E96}"
EndProject
Project("{8BC9CEB8-8B4A-11D0-8D11-00A0C91BC942}") = "play_sound", "play_sound.vcxproj", "{F67B7E30-0FBE-407F-BC83-1213638E7B76}"
EndProject
Project("{8BC9CEB8-8B4A-11D0-8D11-00A0C91BC942}") = "play_stream", "play_stream.vcxproj", "{87E355EF-395C-4987-8E62-911DC21EDDC2}"
EndProject
Project("{8BC9CEB8-8B4A-11D0-8D11-00A0C91BC942}") = "record", "record.vcxproj", "{5E6F7E34-37E3-403E-8B63-0E07A01A6FF1}"
EndProject
Project("{8BC9CEB8-8B4A-11D0-8D11-00A0C91BC942}") = "user_created_sound", "user_created_sound.vcxproj", "{15723B67-5253-4394-A25A-28586F78AF29}"
EndProject
Project("{8BC9CEB8-8B4A-11D0-8D11-00A0C91BC942}") = "fmod_codec_raw", "fmod_codec_raw.vcxproj", "{3AF4BDFC-1783-482E-8828-B32EBE9A2FC4}"
EndProject
Project("{8BC9CEB8-8B4A-11D0-8D11-00A0C91BC942}") = "fmod_distance_filter", "fmod_distance_filter.vcxproj", "{AAEB35EC-F513-4669-8645-CC079D976300}"
EndProject
Project("{8BC9CEB8-8B4A-11D0-8D11-00A0C91BC942}") = "fmod_gain", "fmod_gain.vcxproj", "{FD3AA817-DDBA-486E-AF06-362B658250DD}"
EndProject
Global
	GlobalSection(SolutionConfigurationPlatforms) = preSolution
		Debug|Win32 = Debug|Win32
		Debug|x64 = Debug|x64
		Release|Win32 = Release|Win32
		Release|x64 = Release|x64
	EndGlobalSection
	GlobalSection(ProjectConfigurationPlatforms) = postSolution
		{9F5AC99A-6FB5-4B72-A845-F87745A5F1E5}.Debug|Win32.ActiveCfg = Debug|Win32
		{9F5AC99A-6FB5-4B72-A845-F87745A5F1E5}.Debug|Win32.Build.0 = Debug|Win32
		{9F5AC99A-6FB5-4B72-A845-F87745A5F1E5}.Debug|Win32.Deploy.0 = Debug|Win32
		{9F5AC99A-6FB5-4B72-A845-F87745A5F1E5}.Debug|x64.ActiveCfg = Debug|x64
		{9F5AC99A-6FB5-4B72-A845-F87745A5F1E5}.Debug|x64.Build.0 = Debug|x64
		{9F5AC99A-6FB5-4B72-A845-F87745A5F1E5}.Debug|x64.Deploy.0 = Debug|x64
		{9F5AC99A-6FB5-4B72-A845-F87745A5F1E5}.Release|Win32.ActiveCfg = Release|Win32
		{9F5AC99A-6FB5-4B72-A845-F87745A5F1E5}.Release|Win32.Build.0 = Release|Win32
		{9F5AC99A-6FB5-4B72-A845-F87745A5F1E5}.Release|Win32.Deploy.0 = Release|Win32
		{9F5AC99A-6FB5-4B72-A845-F87745A5F1E5}.Release|x64.ActiveCfg = Release|x64
		{9F5AC99A-6FB5-4B72-A845-F87745A5F1E5}.Release|x64.Build.0 = Release|x64
		{9F5AC99A-6FB5-4B72-A845-F87745A5F1E5}.Release|x64.Deploy.0 = Release|x64
		{07F50579-DB00-47D2-97BA-CFB11A5F2DCF}.Debug|Win32.ActiveCfg = Debug|Win32
		{07F50579-DB00-47D2-97BA-CFB11A5F2DCF}.Debug|Win32.Build.0 = Debug|Win32
		{07F50579-DB00-47D2-97BA-CFB11A5F2DCF}.Debug|Win32.Deploy.0 = Debug|Win32
		{07F50579-DB00-47D2-97BA-CFB11A5F2DCF}.Debug|x64.ActiveCfg = Debug|x64
		{07F50579-DB00-47D2-97BA-CFB11A5F2DCF}.Debug|x64.Build.0 = Debug|x64
		{07F50579-DB00-47D2-97BA-CFB11A5F2DCF}.Debug|x64.Deploy.0 = Debug|x64
		{07F50579-DB00-47D2-97BA-CFB11A5F2DCF}.Release|Win32.ActiveCfg = Release|Win32
		{07F50579-DB00-47D2-97BA-CFB11A5F2DCF}.Release|Win32.Build.0 = Release|Win32
		{07F50579-DB00-47D2-97BA-CFB11A5F2DCF}.Release|Win32.Deploy.0 = Release|Win32
		{07F50579-DB00-47D2-97BA-CFB11A5F2DCF}.Release|x64.ActiveCfg = Release|x64
		{07F50579-DB00-47D2-97BA-CFB11A5F2DCF}.Release|x64.Build.0 = Release|x64
		{07F50579-DB00-47D2-97BA-CFB11A5F2DCF}.Release|x64.Deploy.0 = Release|x64
		{F54F9336-0075-4BBE-A79F-127E636D0112}.Debug|Win32.ActiveCfg = Debug|Win32
		{F54F9336-0075-4BBE-A79F-127E636D0112}.Debug|Win32.Build.0 = Debug|Win32
		{F54F9336-0075-4BBE-A79F-127E636D0112}.Debug|Win32.Deploy.0 = Debug|Win32
		{F54F9336-0075-4BBE-A79F-127E636D0112}.Debug|x64.ActiveCfg = Debug|x64
		{F54F9336-0075-4BBE-A79F-127E636D0112}.Debug|x64.Build.0 = Debug|x64
		{F54F9336-0075-4BBE-A79F-127E636D0112}.Debug|x64.Deploy.0 = Debug|x64
		{F54F9336-0075-4BBE-A79F-127E636D0112}.Release|Win32.ActiveCfg = Release|Win32
		{F54F9336-0075-4BBE-A79F-127E636D0112}.Release|Win32.Build.0 = Release|Win32
		{F54F9336-0075-4BBE-A79F-127E636D0112}.Release|Win32.Deploy.0 = Release|Win32
		{F54F9336-0075-4BBE-A79F-127E636D0112}.Release|x64.ActiveCfg = Release|x64
		{F54F9336-0075-4BBE-A79F-127E636D0112}.Release|x64.Build.0 = Release|x64
		{F54F9336-0075-4BBE-A79F-127E636D0112}.Release|x64.Deploy.0 = Release|x64
		{4534951E-7BE3-48D4-BA8D-CC14DB22A07E}.Debug|Win32.ActiveCfg = Debug|Win32
		{4534951E-7BE3-48D4-BA8D-CC14DB22A07E}.Debug|Win32.Build.0 = Debug|Win32
		{4534951E-7BE3-48D4-BA8D-CC14DB22A07E}.Debug|Win32.Deploy.0 = Debug|Win32
		{4534951E-7BE3-48D4-BA8D-CC14DB22A07E}.Debug|x64.ActiveCfg = Debug|x64
		{4534951E-7BE3-48D4-BA8D-CC14DB22A07E}.Debug|x64.Build.0 = Debug|x64
		{4534951E-7BE3-48D4-BA8D-CC14DB22A07E}.Debug|x64.Deploy.0 = Debug|x64
		{4534951E-7BE3-48D4-BA8D-CC14DB22A07E}.Release|Win32.ActiveCfg = Release|Win32
		{4534951E-7BE3-48D4-BA8D-CC14DB22A07E}.Release|Win32.Build.0 = Release|Win32
		{4534951E-7BE3-48D4-BA8D-CC14DB22A07E}.Release|Win32.Deploy.0 = Release|Win32
		{4534951E-7BE3-48D4-BA8D-CC14DB22A07E}.Release|x64.ActiveCfg = Release|x64
		{4534951E-7BE3-48D4-BA8D-CC14DB22A07E}.Release|x64.Build.0 = Release|x64
		{4534951E-7BE3-48D4-BA8D-CC14DB22A07E}.Release|x64.Deploy.0 = Release|x64
		{2E5A90EB-E205-4646-B4A8-E921FCD43A69}.Debug|Win32.ActiveCfg = Debug|Win32
		{2E5A90EB-E205-4646-B4A8-E921FCD43A69}.Debug|Win32.Build.0 = Debug|Win32
		{2E5A90EB-E205-4646-B4A8-E921FCD43A69}.Debug|Win32.Deploy.0 = Debug|Win32
		{2E5A90EB-E205-4646-B4A8-E921FCD43A69}.Debug|x64.ActiveCfg = Debug|x64
		{2E5A90EB-E205-4646-B4A8-E921FCD43A69}.Debug|x64.Build.0 = Debug|x64
		{2E5A90EB-E205-4646-B4A8-E921FCD43A69}.Debug|x64.Deploy.0 = Debug|x64
		{2E5A90EB-E205-4646-B4A8-E921FCD43A69}.Release|Win32.ActiveCfg = Release|Win32
		{2E5A90EB-E205-4646-B4A8-E921FCD43A69}.Release|Win32.Build.0 = Release|Win32
		{2E5A90EB-E205-4646-B4A8-E921FCD43A69}.Release|Win32.Deploy.0 = Release|Win32
		{2E5A90EB-E205-4646-B4A8-E921FCD43A69}.Release|x64.ActiveCfg = Release|x64
		{2E5A90EB-E205-4646-B4A8-E921FCD43A69}.Release|x64.Build.0 = Release|x64
		{2E5A90EB-E205-4646-B4A8-E921FCD43A69}.Release|x64.Deploy.0 = Release|x64
		{0244DEA9-7825-4E33-AE2F-5F120E3701CC}.Debug|Win32.ActiveCfg = Debug|Win32
		{0244DEA9-7825-4E33-AE2F-5F120E3701CC}.Debug|Win32.Build.0 = Debug|Win32
		{0244DEA9-7825-4E33-AE2F-5F120E3701CC}.Debug|Win32.Deploy.0 = Debug|Win32
		{0244DEA9-7825-4E33-AE2F-5F120E3701CC}.Debug|x64.ActiveCfg = Debug|x64
		{0244DEA9-7825-4E33-AE2F-5F120E3701CC}.Debug|x64.Build.0 = Debug|x64
		{0244DEA9-7825-4E33-AE2F-5F120E3701CC}.Debug|x64.Deploy.0 = Debug|x64
		{0244DEA9-7825-4E33-AE2F-5F120E3701CC}.Release|Win32.ActiveCfg = Release|Win32
		{0244DEA9-7825-4E33-AE2F-5F120E3701CC}.Release|Win32.Build.0 = Release|Win32
		{0244DEA9-7825-4E33-AE2F-5F120E3701CC}.Release|Win32.Deploy.0 = Release|Win32
		{0244DEA9-7825-4E33-AE2F-5F120E3701CC}.Release|x64.ActiveCfg = Release|x64
		{0244DEA9-7825-4E33-AE2F-5F120E3701CC}.Release|x64.Build.0 = Release|x64
		{0244DEA9-7825-4E33-AE2F-5F120E3701CC}.Release|x64.Deploy.0 = Release|x64
		{21DBF2A6-F291-4DDC-829C-93D6E008AFE7}.Debug|Win32.ActiveCfg = Debug|Win32
		{21DBF2A6-F291-4DDC-829C-93D6E008AFE7}.Debug|Win32.Build.0 = Debug|Win32
		{21DBF2A6-F291-4DDC-829C-93D6E008AFE7}.Debug|Win32.Deploy.0 = Debug|Win32
		{21DBF2A6-F291-4DDC-829C-93D6E008AFE7}.Debug|x64.ActiveCfg = Debug|x64
		{21DBF2A6-F291-4DDC-829C-93D6E008AFE7}.Debug|x64.Build.0 = Debug|x64
		{21DBF2A6-F291-4DDC-829C-93D6E008AFE7}.Debug|x64.Deploy.0 = Debug|x64
		{21DBF2A6-F291-4DDC-829C-93D6E008AFE7}.Release|Win32.ActiveCfg = Release|Win32
		{21DBF2A6-F291-4DDC-829C-93D6E008AFE7}.Release|Win32.Build.0 = Release|Win32
		{21DBF2A6-F291-4DDC-829C-93D6E008AFE7}.Release|Win32.Deploy.0 = Release|Win32
		{21DBF2A6-F291-4DDC-829C-93D6E008AFE7}.Release|x64.ActiveCfg = Release|x64
		{21DBF2A6-F291-4DDC-829C-93D6E008AFE7}.Release|x64.Build.0 = Release|x64
		{21DBF2A6-F291-4DDC-829C-93D6E008AFE7}.Release|x64.Deploy.0 = Release|x64
		{74725E23-00E2-47EE-BB84-16096707C7DA}.Debug|Win32.ActiveCfg = Debug|Win32
		{74725E23-00E2-47EE-BB84-16096707C7DA}.Debug|Win32.Build.0 = Debug|Win32
		{74725E23-00E2-47EE-BB84-16096707C7DA}.Debug|Win32.Deploy.0 = Debug|Win32
		{74725E23-00E2-47EE-BB84-16096707C7DA}.Debug|x64.ActiveCfg = Debug|x64
		{74725E23-00E2-47EE-BB84-16096707C7DA}.Debug|x64.Build.0 = Debug|x64
		{74725E23-00E2-47EE-BB84-16096707C7DA}.Debug|x64.Deploy.0 = Debug|x64
		{74725E23-00E2-47EE-BB84-16096707C7DA}.Release|Win32.ActiveCfg = Release|Win32
		{74725E23-00E2-47EE-BB84-16096707C7DA}.Release|Win32.Build.0 = Release|Win32
		{74725E23-00E2-47EE-BB84-16096707C7DA}.Release|Win32.Deploy.0 = Release|Win32
		{74725E23-00E2-47EE-BB84-16096707C7DA}.Release|x64.ActiveCfg = Release|x64
		{74725E23-00E2-47EE-BB84-16096707C7DA}.Release|x64.Build.0 = Release|x64
		{74725E23-00E2-47EE-BB84-16096707C7DA}.Release|x64.Deploy.0 = Release|x64
		{B48430E2-8855-4D45-8BA9-D48E6A4130EF}.Debug|Win32.ActiveCfg = Debug|Win32
		{B48430E2-8855-4D45-8BA9-D48E6A4130EF}.Debug|Win32.Build.0 = Debug|Win32
		{B48430E2-8855-4D45-8BA9-D48E6A4130EF}.Debug|Win32.Deploy.0 = Debug|Win32
		{B48430E2-8855-4D45-8BA9-D48E6A4130EF}.Debug|x64.ActiveCfg = Debug|x64
		{B48430E2-8855-4D45-8BA9-D48E6A4130EF}.Debug|x64.Build.0 = Debug|x64
		{B48430E2-8855-4D45-8BA9-D48E6A4130EF}.Debug|x64.Deploy.0 = Debug|x64
		{B48430E2-8855-4D45-8BA9-D48E6A4130EF}.Release|Win32.ActiveCfg = Release|Win32
		{B48430E2-8855-4D45-8BA9-D48E6A4130EF}.Release|Win32.Build.0 = Release|Win32
		{B48430E2-8855-4D45-8BA9-D48E6A4130EF}.Release|Win32.Deploy.0 = Release|Win32
		{B48430E2-8855-4D45-8BA9-D48E6A4130EF}.Release|x64.ActiveCfg = Release|x64
		{B48430E2-8855-4D45-8BA9-D48E6A4130EF}.Release|x64.Build.0 = Release|x64
		{B48430E2-8855-4D45-8BA9-D48E6A4130EF}.Release|x64.Deploy.0 = Release|x64
		{4692A1FC-EAD1-493E-8C72-780D673D1E96}.Debug|Win32.ActiveCfg = Debug|Win32
		{4692A1FC-EAD1-493E-8C72-780D673D1E96}.Debug|Win32.Build.0 = Debug|Win32
		{4692A1FC-EAD1-493E-8C72-780D673D1E96}.Debug|Win32.Deploy.0 = Debug|Win32
		{4692A1FC-EAD1-493E-8C72-780D673D1E96}.Debug|x64.ActiveCfg = Debug|x64
		{4692A1FC-EAD1-493E-8C72-780D673D1E96}.Debug|x64.Build.0 = Debug|x64
		{4692A1FC-EAD1-493E-8C72-780D673D1E96}.Debug|x64.Deploy.0 = Debug|x64
		{4692A1FC-EAD1-493E-8C72-780D673D1E96}.Release|Win32.ActiveCfg = Release|Win32
		{4692A1FC-EAD1-493E-8C72-780D673D1E96}.Release|Win32.Build.0 = Release|Win32
		{4692A1FC-EAD1-493E-8C72-780D673D1E96}.Release|Win32.Deploy.0 = Release|Win32
		{4692A1FC-EAD1-493E-8C72-780D673D1E96}.Release|x64.ActiveCfg = Release|x64
		{4692A1FC-EAD1-493E-8C72-780D673D1E96}.Release|x64.Build.0 = Release|x64
		{4692A1FC-EAD1-493E-8C72-780D673D1E96}.Release|x64.Deploy.0 = Release|x64
		{F67B7E30-0FBE-407F-BC83-1213638E7B76}.Debug|Win32.ActiveCfg = Debug|Win32
		{F67B7E30-0FBE-407F-BC83-1213638E7B76}.Debug|Win32.Build.0 = Debug|Win32
		{F67B7E30-0FBE-407F-BC83-1213638E7B76}.Debug|Win32.Deploy.0 = Debug|Win32
		{F67B7E30-0FBE-407F-BC83-1213638E7B76}.Debug|x64.ActiveCfg = Debug|x64
		{F67B7E30-0FBE-407F-BC83-1213638E7B76}.Debug|x64.Build.0 = Debug|x64
		{F67B7E30-0FBE-407F-BC83-1213638E7B76}.Debug|x64.Deploy.0 = Debug|x64
		{F67B7E30-0FBE-407F-BC83-1213638E7B76}.Release|Win32.ActiveCfg = Release|Win32
		{F67B7E30-0FBE-407F-BC83-1213638E7B76}.Release|Win32.Build.0 = Release|Win32
		{F67B7E30-0FBE-407F-BC83-1213638E7B76}.Release|Win32.Deploy.0 = Release|Win32
		{F67B7E30-0FBE-407F-BC83-1213638E7B76}.Release|x64.ActiveCfg = Release|x64
		{F67B7E30-0FBE-407F-BC83-1213638E7B76}.Release|x64.Build.0 = Release|x64
		{F67B7E30-0FBE-407F-BC83-1213638E7B76}.Release|x64.Deploy.0 = Release|x64
		{87E355EF-395C-4987-8E62-911DC21EDDC2}.Debug|Win32.ActiveCfg = Debug|Win32
		{87E355EF-395C-4987-8E62-911DC21EDDC2}.Debug|Win32.Build.0 = Debug|Win32
		{87E355EF-395C-4987-8E62-911DC21EDDC2}.Debug|Win32.Deploy.0 = Debug|Win32
		{87E355EF-395C-4987-8E62-911DC21EDDC2}.Debug|x64.ActiveCfg = Debug|x64
		{87E355EF-395C-4987-8E62-911DC21EDDC2}.Debug|x64.Build.0 = Debug|x64
		{87E355EF-395C-4987-8E62-911DC21EDDC2}.Debug|x64.Deploy.0 = Debug|x64
		{87E355EF-395C-4987-8E62-911DC21EDDC2}.Release|Win32.ActiveCfg = Release|Win32
		{87E355EF-395C-4987-8E62-911DC21EDDC2}.Release|Win32.Build.0 = Release|Win32
		{87E355EF-395C-4987-8E62-911DC21EDDC2}.Release|Win32.Deploy.0 = Release|Win32
		{87E355EF-395C-4987-8E62-911DC21EDDC2}.Release|x64.ActiveCfg = Release|x64
		{87E355EF-395C-4987-8E62-911DC21EDDC2}.Release|x64.Build.0 = Release|x64
		{87E355EF-395C-4987-8E62-911DC21EDDC2}.Release|x64.Deploy.0 = Release|x64
		{5E6F7E34-37E3-403E-8B63-0E07A01A6FF1}.Debug|Win32.ActiveCfg = Debug|Win32
		{5E6F7E34-37E3-403E-8B63-0E07A01A6FF1}.Debug|Win32.Build.0 = Debug|Win32
		{5E6F7E34-37E3-403E-8B63-0E07A01A6FF1}.Debug|Win32.Deploy.0 = Debug|Win32
		{5E6F7E34-37E3-403E-8B63-0E07A01A6FF1}.Debug|x64.ActiveCfg = Debug|x64
		{5E6F7E34-37E3-403E-8B63-0E07A01A6FF1}.Debug|x64.Build.0 = Debug|x64
		{5E6F7E34-37E3-403E-8B63-0E07A01A6FF1}.Debug|x64.Deploy.0 = Debug|x64
		{5E6F7E34-37E3-403E-8B63-0E07A01A6FF1}.Release|Win32.ActiveCfg = Release|Win32
		{5E6F7E34-37E3-403E-8B63-0E07A01A6FF1}.Release|Win32.Build.0 = Release|Win32
		{5E6F7E34-37E3-403E-8B63-0E07A01A6FF1}.Release|Win32.Deploy.0 = Release|Win32
		{5E6F7E34-37E3-403E-8B63-0E07A01A6FF1}.Release|x64.ActiveCfg = Release|x64
		{5E6F7E34-37E3-403E-8B63-0E07A01A6FF1}.Release|x64.Build.0 = Release|x64
		{5E6F7E34-37E3-403E-8B63-0E07A01A6FF1}.Release|x64.Deploy.0 = Release|x64
		{15723B67-5253-4394-A25A-28586F78AF29}.Debug|Win32.ActiveCfg = Debug|Win32
		{15723B67-5253-4394-A25A-28586F78AF29}.Debug|Win32.Build.0 = Debug|Win32
		{15723B67-5253-4394-A25A-28586F78AF29}.Debug|Win32.Deploy.0 = Debug|Win32
		{15723B67-5253-4394-A25A-28586F78AF29}.Debug|x64.ActiveCfg = Debug|x64
		{15723B67-5253-4394-A25A-28586F78AF29}.Debug|x64.Build.0 = Debug|x64
		{15723B67-5253-4394-A25A-28586F78AF29}.Debug|x64.Deploy.0 = Debug|x64
		{15723B67-5253-4394-A25A-28586F78AF29}.Release|Win32.ActiveCfg = Release|Win32
		{15723B67-5253-4394-A25A-28586F78AF29}.Release|Win32.Build.0 = Release|Win32
		{15723B67-5253-4394-A25A-28586F78AF29}.Release|Win32.Deploy.0 = Release|Win32
		{15723B67-5253-4394-A25A-28586F78AF29}.Release|x64.ActiveCfg = Release|x64
		{15723B67-5253-4394-A25A-28586F78AF29}.Release|x64.Build.0 = Release|x64
		{15723B67-5253-4394-A25A-28586F78AF29}.Release|x64.Deploy.0 = Release|x64
		{3AF4BDFC-1783-482E-8828-B32EBE9A2FC4}.Debug|Win32.ActiveCfg = Debug|Win32
		{3AF4BDFC-1783-482E-8828-B32EBE9A2FC4}.Debug|Win32.Build.0 = Debug|Win32
		{3AF4BDFC-1783-482E-8828-B32EBE9A2FC4}.Debug|Win32.Deploy.0 = Debug|Win32
		{3AF4BDFC-1783-482E-8828-B32EBE9A2FC4}.Debug|x64.ActiveCfg = Debug|x64
		{3AF4BDFC-1783-482E-8828-B32EBE9A2FC4}.Debug|x64.Build.0 = Debug|x64
		{3AF4BDFC-1783-482E-8828-B32EBE9A2FC4}.Debug|x64.Deploy.0 = Debug|x64
		{3AF4BDFC-1783-482E-8828-B32EBE9A2FC4}.Release|Win32.ActiveCfg = Release|Win32
		{3AF4BDFC-1783-482E-8828-B32EBE9A2FC4}.Release|Win32.Build.0 = Release|Win32
		{3AF4BDFC-1783-482E-8828-B32EBE9A2FC4}.Release|Win32.Deploy.0 = Release|Win32
		{3AF4BDFC-1783-482E-8828-B32EBE9A2FC4}.Release|x64.ActiveCfg = Release|x64
		{3AF4BDFC-1783-482E-8828-B32EBE9A2FC4}.Release|x64.Build.0 = Release|x64
		{3AF4BDFC-1783-482E-8828-B32EBE9A2FC4}.Release|x64.Deploy.0 = Release|x64
		{AAEB35EC-F513-4669-8645-CC079D976300}.Debug|Win32.ActiveCfg = Debug|Win32
		{AAEB35EC-F513-4669-8645-CC079D976300}.Debug|Win32.Build.0 = Debug|Win32
		{AAEB35EC-F513-4669-8645-CC079D976300}.Debug|Win32.Deploy.0 = Debug|Win32
		{AAEB35EC-F513-4669-8645-CC079D976300}.Debug|x64.ActiveCfg = Debug|x64
		{AAEB35EC-F513-4669-8645-CC079D976300}.Debug|x64.Build.0 = Debug|x64
		{AAEB35EC-F513-4669-8645-CC079D976300}.Debug|x64.Deploy.0 = Debug|x64
		{AAEB35EC-F513-4669-8645-CC079D976300}.Release|Win32.ActiveCfg = Release|Win32
		{AAEB35EC-F513-4669-8645-CC079D976300}.Release|Win32.Build.0 = Release|Win32
		{AAEB35EC-F513-4669-8645-CC079D976300}.Release|Win32.Deploy.0 = Release|Win32
		{AAEB35EC-F513-4669-8645-CC079D976300}.Release|x64.ActiveCfg = Release|x64
		{AAEB35EC-F513-4669-8645-CC079D976300}.Release|x64.Build.0 = Release|x64
		{AAEB35EC-F513-4669-8645-CC079D976300}.Release|x64.Deploy.0 = Release|x64
		{FD3AA817-DDBA-486E-AF06-362B658250DD}.Debug|Win32.ActiveCfg = Debug|Win32
		{FD3AA817-DDBA-486E-AF06-362B658250DD}.Debug|Win32.Build.0 = Debug|Win32
		{FD3AA817-DDBA-486E-AF06-362B658250DD}.Debug|Win32.Deploy.0 = Debug|Win32
		{FD3AA817-DDBA-486E-AF06-362B658250DD}.Debug|x64.ActiveCfg = Debug|x64
		{FD3AA817-DDBA-486E-AF06-362B658250DD}.Debug|x64.Build.0 = Debug|x64
		{FD3AA817-DDBA-486E-AF06-362B658250DD}.Debug|x64.Deploy.0 = Debug|x64
		{FD3AA817-DDBA-486E-AF06-362B658250DD}.Release|Win32.ActiveCfg = Release|Win32
		{FD3AA817-DDBA-486E-AF06-362B658250DD}.Release|Win32.Build.0 = Release|Win32
		{FD3AA817-DDBA-486E-AF06-362B658250DD}.Release|Win32.Deploy.0 = Release|Win32
		{FD3AA817-DDBA-486E-AF06-362B658250DD}.Release|x64.ActiveCfg = Release|x64
		{FD3AA817-DDBA-486E-AF06-362B658250DD}.Release|x64.Build.0 = Release|x64
		{FD3AA817-DDBA-486E-AF06-362B658250DD}.Release|x64.Deploy.0 = Release|x64
	EndGlobalSection
	GlobalSection(SolutionProperties) = preSolution
		HideSolutionNode = FALSE
	EndGlobalSection
EndGlobal
